
Microsoft Visual Studio Solution File, Format Version 12.00
# Visual Studio 15
VisualStudioVersion = 15.0.28307.421
MinimumVisualStudioVersion = 10.0.40219.1
Project("{FAE04EC0-301F-11D3-BF4B-00C04F79EFBC}") = "T4Origin", "T4Origin\T4Origin.csproj", "{E2EF96C5-F8F3-4F20-B35B-E833EB3169C8}"
EndProject
Project("{FAE04EC0-301F-11D3-BF4B-00C04F79EFBC}") = "Entities", "Entities\Entities.csproj", "{3B748BA0-F299-48C1-945B-1AC644292642}"
EndProject
Project("{FAE04EC0-301F-11D3-BF4B-00C04F79EFBC}") = "Services", "Services\Services.csproj", "{6749D98D-5101-423F-B094-094BD9EF4852}"
EndProject
Global
	GlobalSection(SolutionConfigurationPlatforms) = preSolution
		Debug|Any CPU = Debug|Any CPU
		Release|Any CPU = Release|Any CPU
	EndGlobalSection
	GlobalSection(ProjectConfigurationPlatforms) = postSolution
		{E2EF96C5-F8F3-4F20-B35B-E833EB3169C8}.Debug|Any CPU.ActiveCfg = Debug|Any CPU
		{E2EF96C5-F8F3-4F20-B35B-E833EB3169C8}.Debug|Any CPU.Build.0 = Debug|Any CPU
		{E2EF96C5-F8F3-4F20-B35B-E833EB3169C8}.Release|Any CPU.ActiveCfg = Release|Any CPU
		{E2EF96C5-F8F3-4F20-B35B-E833EB3169C8}.Release|Any CPU.Build.0 = Release|Any CPU
		{3B748BA0-F299-48C1-945B-1AC644292642}.Debug|Any CPU.ActiveCfg = Debug|Any CPU
		{3B748BA0-F299-48C1-945B-1AC644292642}.Debug|Any CPU.Build.0 = Debug|Any CPU
		{3B748BA0-F299-48C1-945B-1AC644292642}.Release|Any CPU.ActiveCfg = Release|Any CPU
		{3B748BA0-F299-48C1-945B-1AC644292642}.Release|Any CPU.Build.0 = Release|Any CPU
		{6749D98D-5101-423F-B094-094BD9EF4852}.Debug|Any CPU.ActiveCfg = Debug|Any CPU
		{6749D98D-5101-423F-B094-094BD9EF4852}.Debug|Any CPU.Build.0 = Debug|Any CPU
		{6749D98D-5101-423F-B094-094BD9EF4852}.Release|Any CPU.ActiveCfg = Release|Any CPU
		{6749D98D-5101-423F-B094-094BD9EF4852}.Release|Any CPU.Build.0 = Release|Any CPU
	EndGlobalSection
	GlobalSection(SolutionProperties) = preSolution
		HideSolutionNode = FALSE
	EndGlobalSection
	GlobalSection(ExtensibilityGlobals) = postSolution
		SolutionGuid = {254E8342-2373-44D7-A4A2-628551D924BD}
	EndGlobalSection
EndGlobal
